
Microsoft Visual Studio Solution File, Format Version 12.00
# Visual Studio Version 17
VisualStudioVersion = 17.0.31903.59
MinimumVisualStudioVersion = 10.0.40219.1
Project("{FAE04EC0-301F-11D3-BF4B-00C04F79EFBC}") = "ClientCFC-P4-20190140107", "ClientCFC-P4-20190140107\ClientCFC-P4-20190140107.csproj", "{31557BB1-7137-42C0-BB9E-44C3E8F1E052}"
EndProject
Global
	GlobalSection(SolutionConfigurationPlatforms) = preSolution
		Debug|Any CPU = Debug|Any CPU
		Release|Any CPU = Release|Any CPU
	EndGlobalSection
	GlobalSection(ProjectConfigurationPlatforms) = postSolution
		{31557BB1-7137-42C0-BB9E-44C3E8F1E052}.Debug|Any CPU.ActiveCfg = Debug|Any CPU
		{31557BB1-7137-42C0-BB9E-44C3E8F1E052}.Debug|Any CPU.Build.0 = Debug|Any CPU
		{31557BB1-7137-42C0-BB9E-44C3E8F1E052}.Release|Any CPU.ActiveCfg = Release|Any CPU
		{31557BB1-7137-42C0-BB9E-44C3E8F1E052}.Release|Any CPU.Build.0 = Release|Any CPU
	EndGlobalSection
	GlobalSection(SolutionProperties) = preSolution
		HideSolutionNode = FALSE
	EndGlobalSection
	GlobalSection(ExtensibilityGlobals) = postSolution
		SolutionGuid = {CDE538F2-EB9C-482B-9314-CD8B95C6054A}
	EndGlobalSection
EndGlobal
